
Microsoft Visual Studio Solution File, Format Version 12.00
# Visual Studio Version 16
VisualStudioVersion = 16.0.30413.136
MinimumVisualStudioVersion = 10.0.40219.1
Project("{FAE04EC0-301F-11D3-BF4B-00C04F79EFBC}") = "Datos", "Datos\Datos.csproj", "{045854FA-6934-415A-ADBB-366E98956995}"
EndProject
Project("{FAE04EC0-301F-11D3-BF4B-00C04F79EFBC}") = "Entidades", "Entidades\Entidades.csproj", "{7BD0E030-8E6D-4459-ABB3-2BCE374BC63B}"
EndProject
Project("{FAE04EC0-301F-11D3-BF4B-00C04F79EFBC}") = "Logica", "Logica\Logica.csproj", "{AD5D229D-1BCE-4B60-986B-C239259F5E8F}"
EndProject
Project("{9A19103F-16F7-4668-BE54-9A1E7A4F7556}") = "Presentacion", "Presentacion\Presentacion.csproj", "{FC8ED691-D03B-4DB2-9EB5-72E394214855}"
EndProject
Project("{FAE04EC0-301F-11D3-BF4B-00C04F79EFBC}") = "Infraestructura", "Infraestructura\Infraestructura.csproj", "{C766FA4F-65D0-4FE5-94DC-DF0C707B3FEF}"
EndProject
Global
	GlobalSection(SolutionConfigurationPlatforms) = preSolution
		Debug|Any CPU = Debug|Any CPU
		Release|Any CPU = Release|Any CPU
	EndGlobalSection
	GlobalSection(ProjectConfigurationPlatforms) = postSolution
		{045854FA-6934-415A-ADBB-366E98956995}.Debug|Any CPU.ActiveCfg = Debug|Any CPU
		{045854FA-6934-415A-ADBB-366E98956995}.Debug|Any CPU.Build.0 = Debug|Any CPU
		{045854FA-6934-415A-ADBB-366E98956995}.Release|Any CPU.ActiveCfg = Release|Any CPU
		{045854FA-6934-415A-ADBB-366E98956995}.Release|Any CPU.Build.0 = Release|Any CPU
		{7BD0E030-8E6D-4459-ABB3-2BCE374BC63B}.Debug|Any CPU.ActiveCfg = Debug|Any CPU
		{7BD0E030-8E6D-4459-ABB3-2BCE374BC63B}.Debug|Any CPU.Build.0 = Debug|Any CPU
		{7BD0E030-8E6D-4459-ABB3-2BCE374BC63B}.Release|Any CPU.ActiveCfg = Release|Any CPU
		{7BD0E030-8E6D-4459-ABB3-2BCE374BC63B}.Release|Any CPU.Build.0 = Release|Any CPU
		{AD5D229D-1BCE-4B60-986B-C239259F5E8F}.Debug|Any CPU.ActiveCfg = Debug|Any CPU
		{AD5D229D-1BCE-4B60-986B-C239259F5E8F}.Debug|Any CPU.Build.0 = Debug|Any CPU
		{AD5D229D-1BCE-4B60-986B-C239259F5E8F}.Release|Any CPU.ActiveCfg = Release|Any CPU
		{AD5D229D-1BCE-4B60-986B-C239259F5E8F}.Release|Any CPU.Build.0 = Release|Any CPU
		{FC8ED691-D03B-4DB2-9EB5-72E394214855}.Debug|Any CPU.ActiveCfg = Debug|Any CPU
		{FC8ED691-D03B-4DB2-9EB5-72E394214855}.Debug|Any CPU.Build.0 = Debug|Any CPU
		{FC8ED691-D03B-4DB2-9EB5-72E394214855}.Release|Any CPU.ActiveCfg = Release|Any CPU
		{FC8ED691-D03B-4DB2-9EB5-72E394214855}.Release|Any CPU.Build.0 = Release|Any CPU
		{C766FA4F-65D0-4FE5-94DC-DF0C707B3FEF}.Debug|Any CPU.ActiveCfg = Debug|Any CPU
		{C766FA4F-65D0-4FE5-94DC-DF0C707B3FEF}.Debug|Any CPU.Build.0 = Debug|Any CPU
		{C766FA4F-65D0-4FE5-94DC-DF0C707B3FEF}.Release|Any CPU.ActiveCfg = Release|Any CPU
		{C766FA4F-65D0-4FE5-94DC-DF0C707B3FEF}.Release|Any CPU.Build.0 = Release|Any CPU
	EndGlobalSection
	GlobalSection(SolutionProperties) = preSolution
		HideSolutionNode = FALSE
	EndGlobalSection
	GlobalSection(ExtensibilityGlobals) = postSolution
		SolutionGuid = {9BC468D2-1A63-4EAB-B0A7-E79E6563702A}
	EndGlobalSection
EndGlobal
